
Microsoft Visual Studio Solution File, Format Version 12.00
# Visual Studio Version 17
VisualStudioVersion = 17.14.36414.22
MinimumVisualStudioVersion = 10.0.40219.1
Project("{8BC9CEB8-8B4A-11D0-8D11-00A0C91BC942}") = "ProjetMathDonut", "ProjetMathDonut\ProjetMathDonut.vcxproj", "{99A3B569-E56C-4AC0-AF66-E20FBDA104D3}"
EndProject
Global
	GlobalSection(SolutionConfigurationPlatforms) = preSolution
		Circle|x64 = Circle|x64
		Circle|x86 = Circle|x86
		Debug|x64 = Debug|x64
		Debug|x86 = Debug|x86
		Half Circle|x64 = Half Circle|x64
		Half Circle|x86 = Half Circle|x86
		Rectangle|x64 = Rectangle|x64
		Rectangle|x86 = Rectangle|x86
		Release|x64 = Release|x64
		Release|x86 = Release|x86
	EndGlobalSection
	GlobalSection(ProjectConfigurationPlatforms) = postSolution
		{99A3B569-E56C-4AC0-AF66-E20FBDA104D3}.Circle|x64.ActiveCfg = Circle|x64
		{99A3B569-E56C-4AC0-AF66-E20FBDA104D3}.Circle|x64.Build.0 = Circle|x64
		{99A3B569-E56C-4AC0-AF66-E20FBDA104D3}.Circle|x86.ActiveCfg = Circle|Win32
		{99A3B569-E56C-4AC0-AF66-E20FBDA104D3}.Circle|x86.Build.0 = Circle|Win32
		{99A3B569-E56C-4AC0-AF66-E20FBDA104D3}.Debug|x64.ActiveCfg = Debug|x64
		{99A3B569-E56C-4AC0-AF66-E20FBDA104D3}.Debug|x64.Build.0 = Debug|x64
		{99A3B569-E56C-4AC0-AF66-E20FBDA104D3}.Debug|x86.ActiveCfg = Debug|Win32
		{99A3B569-E56C-4AC0-AF66-E20FBDA104D3}.Debug|x86.Build.0 = Debug|Win32
		{99A3B569-E56C-4AC0-AF66-E20FBDA104D3}.Half Circle|x64.ActiveCfg = Half Circle|x64
		{99A3B569-E56C-4AC0-AF66-E20FBDA104D3}.Half Circle|x64.Build.0 = Half Circle|x64
		{99A3B569-E56C-4AC0-AF66-E20FBDA104D3}.Half Circle|x86.ActiveCfg = Half Circle|Win32
		{99A3B569-E56C-4AC0-AF66-E20FBDA104D3}.Half Circle|x86.Build.0 = Half Circle|Win32
		{99A3B569-E56C-4AC0-AF66-E20FBDA104D3}.Rectangle|x64.ActiveCfg = Rectangle|x64
		{99A3B569-E56C-4AC0-AF66-E20FBDA104D3}.Rectangle|x64.Build.0 = Rectangle|x64
		{99A3B569-E56C-4AC0-AF66-E20FBDA104D3}.Rectangle|x86.ActiveCfg = Rectangle|Win32
		{99A3B569-E56C-4AC0-AF66-E20FBDA104D3}.Rectangle|x86.Build.0 = Rectangle|Win32
		{99A3B569-E56C-4AC0-AF66-E20FBDA104D3}.Release|x64.ActiveCfg = Release|x64
		{99A3B569-E56C-4AC0-AF66-E20FBDA104D3}.Release|x64.Build.0 = Release|x64
		{99A3B569-E56C-4AC0-AF66-E20FBDA104D3}.Release|x86.ActiveCfg = Release|Win32
		{99A3B569-E56C-4AC0-AF66-E20FBDA104D3}.Release|x86.Build.0 = Release|Win32
	EndGlobalSection
	GlobalSection(SolutionProperties) = preSolution
		HideSolutionNode = FALSE
	EndGlobalSection
	GlobalSection(ExtensibilityGlobals) = postSolution
		SolutionGuid = {48C1EE83-5719-435D-9F31-A1AE590BFB9D}
	EndGlobalSection
EndGlobal
